
Microsoft Visual Studio Solution File, Format Version 12.00
# Visual Studio 2012
Project("{8BC9CEB8-8B4A-11D0-8D11-00A0C91BC942}") = "InterviewCode_0807", "InterviewCode_0807\InterviewCode_0807.vcxproj", "{EA4632B1-CB08-4FC0-8016-C65E94D9EB02}"
EndProject
Global
	GlobalSection(SolutionConfigurationPlatforms) = preSolution
		Debug|Win32 = Debug|Win32
		Release|Win32 = Release|Win32
	EndGlobalSection
	GlobalSection(ProjectConfigurationPlatforms) = postSolution
		{EA4632B1-CB08-4FC0-8016-C65E94D9EB02}.Debug|Win32.ActiveCfg = Debug|Win32
		{EA4632B1-CB08-4FC0-8016-C65E94D9EB02}.Debug|Win32.Build.0 = Debug|Win32
		{EA4632B1-CB08-4FC0-8016-C65E94D9EB02}.Release|Win32.ActiveCfg = Release|Win32
		{EA4632B1-CB08-4FC0-8016-C65E94D9EB02}.Release|Win32.Build.0 = Release|Win32
	EndGlobalSection
	GlobalSection(SolutionProperties) = preSolution
		HideSolutionNode = FALSE
	EndGlobalSection
EndGlobal
